
Microsoft Visual Studio Solution File, Format Version 12.00
# Visual Studio Version 17
VisualStudioVersion = 17.9.34728.123
MinimumVisualStudioVersion = 10.0.40219.1
Project("{9A19103F-16F7-4668-BE54-9A1E7A4F7556}") = "FamilyBackend", "FamilyBackend\FamilyBackend.csproj", "{79420419-A2D4-4A05-8B69-851A10779213}"
EndProject
Project("{2150E333-8FDC-42A3-9474-1A3956D46DE8}") = "Solution Items", "Solution Items", "{08AE97FA-BCBC-4382-8827-6F042249F6DD}"
	ProjectSection(SolutionItems) = preProject
		.editorconfig = .editorconfig
	EndProjectSection
EndProject
Global
	GlobalSection(SolutionConfigurationPlatforms) = preSolution
		Debug|Any CPU = Debug|Any CPU
		Release|Any CPU = Release|Any CPU
	EndGlobalSection
	GlobalSection(ProjectConfigurationPlatforms) = postSolution
		{79420419-A2D4-4A05-8B69-851A10779213}.Debug|Any CPU.ActiveCfg = Debug|Any CPU
		{79420419-A2D4-4A05-8B69-851A10779213}.Debug|Any CPU.Build.0 = Debug|Any CPU
		{79420419-A2D4-4A05-8B69-851A10779213}.Release|Any CPU.ActiveCfg = Release|Any CPU
		{79420419-A2D4-4A05-8B69-851A10779213}.Release|Any CPU.Build.0 = Release|Any CPU
	EndGlobalSection
	GlobalSection(SolutionProperties) = preSolution
		HideSolutionNode = FALSE
	EndGlobalSection
	GlobalSection(ExtensibilityGlobals) = postSolution
		SolutionGuid = {9349712B-3899-4EF3-A4F2-019CD338AD12}
	EndGlobalSection
EndGlobal
